
Microsoft Visual Studio Solution File, Format Version 12.00
Project("{FAE04EC0-301F-11D3-BF4B-00C04F79EFBC}") = "weather-forecast", "weather-forecast\weather-forecast.csproj", "{12228EC9-58F4-416C-A770-23EF469798E1}"
EndProject
Global
	GlobalSection(SolutionConfigurationPlatforms) = preSolution
		Debug|Any CPU = Debug|Any CPU
		Release|Any CPU = Release|Any CPU
	EndGlobalSection
	GlobalSection(ProjectConfigurationPlatforms) = postSolution
		{12228EC9-58F4-416C-A770-23EF469798E1}.Debug|Any CPU.ActiveCfg = Debug|Any CPU
		{12228EC9-58F4-416C-A770-23EF469798E1}.Debug|Any CPU.Build.0 = Debug|Any CPU
		{12228EC9-58F4-416C-A770-23EF469798E1}.Release|Any CPU.ActiveCfg = Release|Any CPU
		{12228EC9-58F4-416C-A770-23EF469798E1}.Release|Any CPU.Build.0 = Release|Any CPU
	EndGlobalSection
EndGlobal
